
Microsoft Visual Studio Solution File, Format Version 12.00
# Visual Studio Version 18
VisualStudioVersion = 18.1.11304.174
MinimumVisualStudioVersion = 10.0.40219.1
Project("{2150E333-8FDC-42A3-9474-1A3956D46DE8}") = "Libraries", "Libraries", "{8DC175F0-C083-4014-86CD-19C076A26ADC}"
EndProject
Project("{8BC9CEB8-8B4A-11D0-8D11-00A0C91BC942}") = "AudioSDL", "build\audiosdl\AudioSDL.vcxproj", "{3A1C94CD-CCBA-4F62-9AF1-919B10C582E6}"
EndProject
Project("{8BC9CEB8-8B4A-11D0-8D11-00A0C91BC942}") = "Common", "build\common\Common.vcxproj", "{58B6753C-75DA-449A-97F9-3B26DA4B6FB5}"
EndProject
Project("{8BC9CEB8-8B4A-11D0-8D11-00A0C91BC942}") = "EncLib", "build\EncLib\EncLib.vcxproj", "{C8FF6997-B107-46E6-88E1-F804DABD9F77}"
EndProject
Project("{8BC9CEB8-8B4A-11D0-8D11-00A0C91BC942}") = "ICUHelper", "build\ICUHelper\ICUHelper.vcxproj", "{3A1C94CD-CCBA-4F62-9AF1-919B10C582E3}"
EndProject
Project("{8BC9CEB8-8B4A-11D0-8D11-00A0C91BC942}") = "InfoNet", "build\InfoNet\InfoNet.vcxproj", "{3AA5DEA3-24EA-4B23-92E6-3D5905FA38C6}"
EndProject
Project("{8BC9CEB8-8B4A-11D0-8D11-00A0C91BC942}") = "LIBDBC", "build\ServerSDK\LIBDBC.vcxproj", "{C9B950BB-F1B8-4274-B077-E07B16A16F1B}"
EndProject
Project("{8BC9CEB8-8B4A-11D0-8D11-00A0C91BC942}") = "Status", "build\Status\Status.vcxproj", "{1BDA542A-FAFB-4B7B-B7BD-3AD14BB78768}"
EndProject
Project("{8BC9CEB8-8B4A-11D0-8D11-00A0C91BC942}") = "Util", "build\util\Util.vcxproj", "{9C47FD3B-3C9F-4EBF-9019-12C111111111}"
EndProject
Project("{2150E333-8FDC-42A3-9474-1A3956D46DE8}") = "Lua", "Lua", "{C6E87614-8FBE-4414-A62D-899D928CCCE6}"
EndProject
Project("{8BC9CEB8-8B4A-11D0-8D11-00A0C91BC942}") = "CaLua", "build\calua\CaLua.vcxproj", "{C2367211-6B3D-4ECC-9BD1-31A4E10CA7B9}"
EndProject
Project("{2150E333-8FDC-42A3-9474-1A3956D46DE8}") = "Client", "Client", "{7A1D98A7-BDBD-4B7A-A503-93CA36F097DC}"
EndProject
Project("{8BC9CEB8-8B4A-11D0-8D11-00A0C91BC942}") = "MindPower3D", "build\engine\MindPower3D.vcxproj", "{8661B70A-8D22-4082-9E71-00312294DF0F}"
EndProject
Project("{2150E333-8FDC-42A3-9474-1A3956D46DE8}") = "Server", "Server", "{08875020-0735-4B4B-8529-B3B103E05C4A}"
EndProject
Project("{8BC9CEB8-8B4A-11D0-8D11-00A0C91BC942}") = "AccountServer", "build\AccountServer\AccountServer.vcxproj", "{A2C79674-2511-4784-B82C-D75DE84C7FFE}"
EndProject
Project("{8BC9CEB8-8B4A-11D0-8D11-00A0C91BC942}") = "GateServer", "build\GateServer\GateServer.vcxproj", "{8737C6B2-208B-40A8-9EB4-D20EDF2267FE}"
EndProject
Project("{8BC9CEB8-8B4A-11D0-8D11-00A0C91BC942}") = "GroupServer", "build\GroupServer\GroupServer.vcxproj", "{87F3072F-D5DD-436D-8590-4A319891DAD8}"
EndProject
Project("{8BC9CEB8-8B4A-11D0-8D11-00A0C91BC942}") = "GameServer", "build\GameServer\GameServer.vcxproj", "{525C57F1-D1F3-4AD2-B31D-F63CEEBA8BA6}"
EndProject
Project("{8BC9CEB8-8B4A-11D0-8D11-00A0C91BC942}") = "Game", "build\game\game.vcxproj", "{04B1BD43-C7C7-4910-ACF6-8FB4BFF300D2}"
EndProject
Global
	GlobalSection(SolutionConfigurationPlatforms) = preSolution
		Debug|x64 = Debug|x64
		Release|x64 = Release|x64
	EndGlobalSection
	GlobalSection(ProjectConfigurationPlatforms) = postSolution
		{3A1C94CD-CCBA-4F62-9AF1-919B10C582E6}.Debug|x64.ActiveCfg = Debug|x64
		{3A1C94CD-CCBA-4F62-9AF1-919B10C582E6}.Debug|x64.Build.0 = Debug|x64
		{3A1C94CD-CCBA-4F62-9AF1-919B10C582E6}.Release|x64.ActiveCfg = Release|x64
		{3A1C94CD-CCBA-4F62-9AF1-919B10C582E6}.Release|x64.Build.0 = Release|x64
		{58B6753C-75DA-449A-97F9-3B26DA4B6FB5}.Debug|x64.ActiveCfg = Debug|x64
		{58B6753C-75DA-449A-97F9-3B26DA4B6FB5}.Debug|x64.Build.0 = Debug|x64
		{58B6753C-75DA-449A-97F9-3B26DA4B6FB5}.Release|x64.ActiveCfg = Release|x64
		{58B6753C-75DA-449A-97F9-3B26DA4B6FB5}.Release|x64.Build.0 = Release|x64
		{C8FF6997-B107-46E6-88E1-F804DABD9F77}.Debug|x64.ActiveCfg = Debug|x64
		{C8FF6997-B107-46E6-88E1-F804DABD9F77}.Debug|x64.Build.0 = Debug|x64
		{C8FF6997-B107-46E6-88E1-F804DABD9F77}.Release|x64.ActiveCfg = Release|x64
		{C8FF6997-B107-46E6-88E1-F804DABD9F77}.Release|x64.Build.0 = Release|x64
		{3A1C94CD-CCBA-4F62-9AF1-919B10C582E3}.Debug|x64.ActiveCfg = Debug|x64
		{3A1C94CD-CCBA-4F62-9AF1-919B10C582E3}.Debug|x64.Build.0 = Debug|x64
		{3A1C94CD-CCBA-4F62-9AF1-919B10C582E3}.Release|x64.ActiveCfg = Release|x64
		{3A1C94CD-CCBA-4F62-9AF1-919B10C582E3}.Release|x64.Build.0 = Release|x64
		{3AA5DEA3-24EA-4B23-92E6-3D5905FA38C6}.Debug|x64.ActiveCfg = Debug|x64
		{3AA5DEA3-24EA-4B23-92E6-3D5905FA38C6}.Debug|x64.Build.0 = Debug|x64
		{3AA5DEA3-24EA-4B23-92E6-3D5905FA38C6}.Release|x64.ActiveCfg = Release|x64
		{3AA5DEA3-24EA-4B23-92E6-3D5905FA38C6}.Release|x64.Build.0 = Release|x64
		{C9B950BB-F1B8-4274-B077-E07B16A16F1B}.Debug|x64.ActiveCfg = Debug|x64
		{C9B950BB-F1B8-4274-B077-E07B16A16F1B}.Debug|x64.Build.0 = Debug|x64
		{C9B950BB-F1B8-4274-B077-E07B16A16F1B}.Release|x64.ActiveCfg = Release|x64
		{C9B950BB-F1B8-4274-B077-E07B16A16F1B}.Release|x64.Build.0 = Release|x64
		{1BDA542A-FAFB-4B7B-B7BD-3AD14BB78768}.Debug|x64.ActiveCfg = Debug|x64
		{1BDA542A-FAFB-4B7B-B7BD-3AD14BB78768}.Debug|x64.Build.0 = Debug|x64
		{1BDA542A-FAFB-4B7B-B7BD-3AD14BB78768}.Release|x64.ActiveCfg = Release|x64
		{1BDA542A-FAFB-4B7B-B7BD-3AD14BB78768}.Release|x64.Build.0 = Release|x64
		{9C47FD3B-3C9F-4EBF-9019-12C111111111}.Debug|x64.ActiveCfg = Debug|x64
		{9C47FD3B-3C9F-4EBF-9019-12C111111111}.Debug|x64.Build.0 = Debug|x64
		{9C47FD3B-3C9F-4EBF-9019-12C111111111}.Release|x64.ActiveCfg = Release|x64
		{9C47FD3B-3C9F-4EBF-9019-12C111111111}.Release|x64.Build.0 = Release|x64
		{C2367211-6B3D-4ECC-9BD1-31A4E10CA7B9}.Debug|x64.ActiveCfg = Debug|x64
		{C2367211-6B3D-4ECC-9BD1-31A4E10CA7B9}.Debug|x64.Build.0 = Debug|x64
		{C2367211-6B3D-4ECC-9BD1-31A4E10CA7B9}.Release|x64.ActiveCfg = Release|x64
		{C2367211-6B3D-4ECC-9BD1-31A4E10CA7B9}.Release|x64.Build.0 = Release|x64
		{8661B70A-8D22-4082-9E71-00312294DF0F}.Debug|x64.ActiveCfg = Debug|x64
		{8661B70A-8D22-4082-9E71-00312294DF0F}.Debug|x64.Build.0 = Debug|x64
		{8661B70A-8D22-4082-9E71-00312294DF0F}.Release|x64.ActiveCfg = Release|x64
		{8661B70A-8D22-4082-9E71-00312294DF0F}.Release|x64.Build.0 = Release|x64
		{A2C79674-2511-4784-B82C-D75DE84C7FFE}.Debug|x64.ActiveCfg = Debug|x64
		{A2C79674-2511-4784-B82C-D75DE84C7FFE}.Debug|x64.Build.0 = Debug|x64
		{A2C79674-2511-4784-B82C-D75DE84C7FFE}.Release|x64.ActiveCfg = Release|x64
		{A2C79674-2511-4784-B82C-D75DE84C7FFE}.Release|x64.Build.0 = Release|x64
		{8737C6B2-208B-40A8-9EB4-D20EDF2267FE}.Debug|x64.ActiveCfg = Debug|x64
		{8737C6B2-208B-40A8-9EB4-D20EDF2267FE}.Debug|x64.Build.0 = Debug|x64
		{8737C6B2-208B-40A8-9EB4-D20EDF2267FE}.Release|x64.ActiveCfg = Release|x64
		{8737C6B2-208B-40A8-9EB4-D20EDF2267FE}.Release|x64.Build.0 = Release|x64
		{87F3072F-D5DD-436D-8590-4A319891DAD8}.Debug|x64.ActiveCfg = Debug|x64
		{87F3072F-D5DD-436D-8590-4A319891DAD8}.Debug|x64.Build.0 = Debug|x64
		{87F3072F-D5DD-436D-8590-4A319891DAD8}.Release|x64.ActiveCfg = Release|x64
		{87F3072F-D5DD-436D-8590-4A319891DAD8}.Release|x64.Build.0 = Release|x64
		{525C57F1-D1F3-4AD2-B31D-F63CEEBA8BA6}.Debug|x64.ActiveCfg = Debug|x64
		{525C57F1-D1F3-4AD2-B31D-F63CEEBA8BA6}.Debug|x64.Build.0 = Debug|x64
		{525C57F1-D1F3-4AD2-B31D-F63CEEBA8BA6}.Release|x64.ActiveCfg = Release|x64
		{525C57F1-D1F3-4AD2-B31D-F63CEEBA8BA6}.Release|x64.Build.0 = Release|x64
		{04B1BD43-C7C7-4910-ACF6-8FB4BFF300D2}.Debug|x64.ActiveCfg = Debug|x64
		{04B1BD43-C7C7-4910-ACF6-8FB4BFF300D2}.Debug|x64.Build.0 = Debug|x64
		{04B1BD43-C7C7-4910-ACF6-8FB4BFF300D2}.Release|x64.ActiveCfg = Release|x64
		{04B1BD43-C7C7-4910-ACF6-8FB4BFF300D2}.Release|x64.Build.0 = Release|x64
	EndGlobalSection
	GlobalSection(SolutionProperties) = preSolution
		HideSolutionNode = FALSE
	EndGlobalSection
	GlobalSection(NestedProjects) = preSolution
		{3A1C94CD-CCBA-4F62-9AF1-919B10C582E6} = {8DC175F0-C083-4014-86CD-19C076A26ADC}
		{58B6753C-75DA-449A-97F9-3B26DA4B6FB5} = {8DC175F0-C083-4014-86CD-19C076A26ADC}
		{C8FF6997-B107-46E6-88E1-F804DABD9F77} = {8DC175F0-C083-4014-86CD-19C076A26ADC}
		{3A1C94CD-CCBA-4F62-9AF1-919B10C582E3} = {8DC175F0-C083-4014-86CD-19C076A26ADC}
		{3AA5DEA3-24EA-4B23-92E6-3D5905FA38C6} = {8DC175F0-C083-4014-86CD-19C076A26ADC}
		{C9B950BB-F1B8-4274-B077-E07B16A16F1B} = {8DC175F0-C083-4014-86CD-19C076A26ADC}
		{1BDA542A-FAFB-4B7B-B7BD-3AD14BB78768} = {8DC175F0-C083-4014-86CD-19C076A26ADC}
		{9C47FD3B-3C9F-4EBF-9019-12C111111111} = {8DC175F0-C083-4014-86CD-19C076A26ADC}
		{C2367211-6B3D-4ECC-9BD1-31A4E10CA7B9} = {C6E87614-8FBE-4414-A62D-899D928CCCE6}
		{8661B70A-8D22-4082-9E71-00312294DF0F} = {7A1D98A7-BDBD-4B7A-A503-93CA36F097DC}
		{A2C79674-2511-4784-B82C-D75DE84C7FFE} = {08875020-0735-4B4B-8529-B3B103E05C4A}
		{8737C6B2-208B-40A8-9EB4-D20EDF2267FE} = {08875020-0735-4B4B-8529-B3B103E05C4A}
		{87F3072F-D5DD-436D-8590-4A319891DAD8} = {08875020-0735-4B4B-8529-B3B103E05C4A}
		{525C57F1-D1F3-4AD2-B31D-F63CEEBA8BA6} = {08875020-0735-4B4B-8529-B3B103E05C4A}
		{04B1BD43-C7C7-4910-ACF6-8FB4BFF300D2} = {7A1D98A7-BDBD-4B7A-A503-93CA36F097DC}
	EndGlobalSection
	GlobalSection(ExtensibilityGlobals) = postSolution
		SolutionGuid = {1BE55185-0ACC-46D0-943E-FAB5774FEA98}
	EndGlobalSection
EndGlobal
